
Microsoft Visual Studio Solution File, Format Version 12.00
# Visual Studio Version 16
VisualStudioVersion = 16.0.31515.178
MinimumVisualStudioVersion = 10.0.40219.1
Project("{FAE04EC0-301F-11D3-BF4B-00C04F79EFBC}") = "SelectionSortExamples", "SelectionSortExamples\SelectionSortExamples.csproj", "{73A02E24-66B5-41DB-AC15-F1ACE70B910E}"
EndProject
Global
	GlobalSection(SolutionConfigurationPlatforms) = preSolution
		Debug|Any CPU = Debug|Any CPU
		Release|Any CPU = Release|Any CPU
	EndGlobalSection
	GlobalSection(ProjectConfigurationPlatforms) = postSolution
		{73A02E24-66B5-41DB-AC15-F1ACE70B910E}.Debug|Any CPU.ActiveCfg = Debug|Any CPU
		{73A02E24-66B5-41DB-AC15-F1ACE70B910E}.Debug|Any CPU.Build.0 = Debug|Any CPU
		{73A02E24-66B5-41DB-AC15-F1ACE70B910E}.Release|Any CPU.ActiveCfg = Release|Any CPU
		{73A02E24-66B5-41DB-AC15-F1ACE70B910E}.Release|Any CPU.Build.0 = Release|Any CPU
	EndGlobalSection
	GlobalSection(SolutionProperties) = preSolution
		HideSolutionNode = FALSE
	EndGlobalSection
	GlobalSection(ExtensibilityGlobals) = postSolution
		SolutionGuid = {86AA91C3-2756-44A5-9AF0-38C2F2E5BC96}
	EndGlobalSection
EndGlobal
